// !$*UTF8*$!
{
	archiveVersion = 1;
	classes = {
	};
	objectVersion = 55;
	objects = {

/* Begin PBXBuildFile section */
		38352609277020F1006B4887 /* HomeListItemCell.xib in Resources */ = {isa = PBXBuildFile; fileRef = 38352606277020F1006B4887 /* HomeListItemCell.xib */; };
		3835260A277020F1006B4887 /* HomeListItemCell.swift in Sources */ = {isa = PBXBuildFile; fileRef = 38352607277020F1006B4887 /* HomeListItemCell.swift */; };
		3835260B277020F1006B4887 /* HomeListAdapter.swift in Sources */ = {isa = PBXBuildFile; fileRef = 38352608277020F1006B4887 /* HomeListAdapter.swift */; };
		3835261227702BCA006B4887 /* RSwiftDemoController.swift in Sources */ = {isa = PBXBuildFile; fileRef = 3835261127702BCA006B4887 /* RSwiftDemoController.swift */; };
		3835290027702F40006B4887 /* YY-Regular.ttf in Resources */ = {isa = PBXBuildFile; fileRef = 383528FF27702F40006B4887 /* YY-Regular.ttf */; };
		383529032770486F006B4887 /* R.generated.swift in Sources */ = {isa = PBXBuildFile; fileRef = 383529022770486F006B4887 /* R.generated.swift */; };
		3835290527705BC0006B4887 /* HeroDemoViewController.swift in Sources */ = {isa = PBXBuildFile; fileRef = 3835290427705BC0006B4887 /* HeroDemoViewController.swift */; };
		3835290827717055006B4887 /* JazzyDemo.swift in Sources */ = {isa = PBXBuildFile; fileRef = 3835290727717054006B4887 /* JazzyDemo.swift */; };
		38433F34276C8F49002041D6 /* AppDelegate.swift in Sources */ = {isa = PBXBuildFile; fileRef = 38433F33276C8F49002041D6 /* AppDelegate.swift */; };
		38433F38276C8F49002041D6 /* ViewController.swift in Sources */ = {isa = PBXBuildFile; fileRef = 38433F37276C8F49002041D6 /* ViewController.swift */; };
		38433F3D276C8F4C002041D6 /* Assets.xcassets in Resources */ = {isa = PBXBuildFile; fileRef = 38433F3C276C8F4C002041D6 /* Assets.xcassets */; };
		38433F40276C8F4C002041D6 /* LaunchScreen.storyboard in Resources */ = {isa = PBXBuildFile; fileRef = 38433F3E276C8F4C002041D6 /* LaunchScreen.storyboard */; };
		386826CE276C9B2100F0DFF8 /* share_opt_star.svga in Resources */ = {isa = PBXBuildFile; fileRef = 386826CD276C9B2100F0DFF8 /* share_opt_star.svga */; };
		40F5CDF334310175FAC9F109 /* Pods_Swift_Project_Demo.framework in Frameworks */ = {isa = PBXBuildFile; fileRef = F0A5DD19C9811212E6AB1714 /* Pods_Swift_Project_Demo.framework */; };
/* End PBXBuildFile section */

/* Begin PBXFileReference section */
		2D37D569F295FB89E3CC6F3C /* Pods-Swift-Project-Demo.release.xcconfig */ = {isa = PBXFileReference; includeInIndex = 1; lastKnownFileType = text.xcconfig; name = "Pods-Swift-Project-Demo.release.xcconfig"; path = "Target Support Files/Pods-Swift-Project-Demo/Pods-Swift-Project-Demo.release.xcconfig"; sourceTree = "<group>"; };
		38352606277020F1006B4887 /* HomeListItemCell.xib */ = {isa = PBXFileReference; fileEncoding = 4; lastKnownFileType = file.xib; path = HomeListItemCell.xib; sourceTree = "<group>"; };
		38352607277020F1006B4887 /* HomeListItemCell.swift */ = {isa = PBXFileReference; fileEncoding = 4; lastKnownFileType = sourcecode.swift; path = HomeListItemCell.swift; sourceTree = "<group>"; };
		38352608277020F1006B4887 /* HomeListAdapter.swift */ = {isa = PBXFileReference; fileEncoding = 4; lastKnownFileType = sourcecode.swift; path = HomeListAdapter.swift; sourceTree = "<group>"; };
		3835261127702BCA006B4887 /* RSwiftDemoController.swift */ = {isa = PBXFileReference; lastKnownFileType = sourcecode.swift; path = RSwiftDemoController.swift; sourceTree = "<group>"; };
		383528FF27702F40006B4887 /* YY-Regular.ttf */ = {isa = PBXFileReference; lastKnownFileType = file; path = "YY-Regular.ttf"; sourceTree = "<group>"; };
		383529022770486F006B4887 /* R.generated.swift */ = {isa = PBXFileReference; fileEncoding = 4; lastKnownFileType = sourcecode.swift; path = R.generated.swift; sourceTree = SOURCE_ROOT; };
		3835290427705BC0006B4887 /* HeroDemoViewController.swift */ = {isa = PBXFileReference; lastKnownFileType = sourcecode.swift; path = HeroDemoViewController.swift; sourceTree = "<group>"; };
		3835290727717054006B4887 /* JazzyDemo.swift */ = {isa = PBXFileReference; lastKnownFileType = sourcecode.swift; path = JazzyDemo.swift; sourceTree = "<group>"; };
		38433F30276C8F49002041D6 /* Swift-Project-Demo.app */ = {isa = PBXFileReference; explicitFileType = wrapper.application; includeInIndex = 0; path = "Swift-Project-Demo.app"; sourceTree = BUILT_PRODUCTS_DIR; };
		38433F33276C8F49002041D6 /* AppDelegate.swift */ = {isa = PBXFileReference; lastKnownFileType = sourcecode.swift; path = AppDelegate.swift; sourceTree = "<group>"; };
		38433F37276C8F49002041D6 /* ViewController.swift */ = {isa = PBXFileReference; lastKnownFileType = sourcecode.swift; path = ViewController.swift; sourceTree = "<group>"; };
		38433F3C276C8F4C002041D6 /* Assets.xcassets */ = {isa = PBXFileReference; lastKnownFileType = folder.assetcatalog; path = Assets.xcassets; sourceTree = "<group>"; };
		38433F3F276C8F4C002041D6 /* Base */ = {isa = PBXFileReference; lastKnownFileType = file.storyboard; name = Base; path = Base.lproj/LaunchScreen.storyboard; sourceTree = "<group>"; };
		38433F41276C8F4C002041D6 /* Info.plist */ = {isa = PBXFileReference; lastKnownFileType = text.plist.xml; path = Info.plist; sourceTree = "<group>"; };
		386826CD276C9B2100F0DFF8 /* share_opt_star.svga */ = {isa = PBXFileReference; lastKnownFileType = file; path = share_opt_star.svga; sourceTree = "<group>"; };
		4A61C6BF63590EAF817718C9 /* Pods-Swift-Project-Demo.debug.xcconfig */ = {isa = PBXFileReference; includeInIndex = 1; lastKnownFileType = text.xcconfig; name = "Pods-Swift-Project-Demo.debug.xcconfig"; path = "Target Support Files/Pods-Swift-Project-Demo/Pods-Swift-Project-Demo.debug.xcconfig"; sourceTree = "<group>"; };
		F0A5DD19C9811212E6AB1714 /* Pods_Swift_Project_Demo.framework */ = {isa = PBXFileReference; explicitFileType = wrapper.framework; includeInIndex = 0; path = Pods_Swift_Project_Demo.framework; sourceTree = BUILT_PRODUCTS_DIR; };
/* End PBXFileReference section */

/* Begin PBXFrameworksBuildPhase section */
		38433F2D276C8F49002041D6 /* Frameworks */ = {
			isa = PBXFrameworksBuildPhase;
			buildActionMask = 2147483647;
			files = (
				40F5CDF334310175FAC9F109 /* Pods_Swift_Project_Demo.framework in Frameworks */,
			);
			runOnlyForDeploymentPostprocessing = 0;
		};
/* End PBXFrameworksBuildPhase section */

/* Begin PBXGroup section */
		0ECF9B5672490DF51E57FF41 /* Pods */ = {
			isa = PBXGroup;
			children = (
				4A61C6BF63590EAF817718C9 /* Pods-Swift-Project-Demo.debug.xcconfig */,
				2D37D569F295FB89E3CC6F3C /* Pods-Swift-Project-Demo.release.xcconfig */,
			);
			path = Pods;
			sourceTree = "<group>";
		};
		3835260C277020F8006B4887 /* Home */ = {
			isa = PBXGroup;
			children = (
				38433F37276C8F49002041D6 /* ViewController.swift */,
				38352608277020F1006B4887 /* HomeListAdapter.swift */,
				38352607277020F1006B4887 /* HomeListItemCell.swift */,
				38352606277020F1006B4887 /* HomeListItemCell.xib */,
			);
			path = Home;
			sourceTree = "<group>";
		};
		3835260D27702201006B4887 /* RSwift */ = {
			isa = PBXGroup;
			children = (
				3835261127702BCA006B4887 /* RSwiftDemoController.swift */,
			);
			path = RSwift;
			sourceTree = "<group>";
		};
		3835260F27702214006B4887 /* Hero */ = {
			isa = PBXGroup;
			children = (
				3835290427705BC0006B4887 /* HeroDemoViewController.swift */,
			);
			path = Hero;
			sourceTree = "<group>";
		};
		383526102770221D006B4887 /* Modules */ = {
			isa = PBXGroup;
			children = (
				383529062771703E006B4887 /* Jazzy */,
				3835260F27702214006B4887 /* Hero */,
				3835260D27702201006B4887 /* RSwift */,
			);
			path = Modules;
			sourceTree = "<group>";
		};
		383529062771703E006B4887 /* Jazzy */ = {
			isa = PBXGroup;
			children = (
				3835290727717054006B4887 /* JazzyDemo.swift */,
			);
			path = Jazzy;
			sourceTree = "<group>";
		};
		38433F27276C8F48002041D6 = {
			isa = PBXGroup;
			children = (
				38433F32276C8F49002041D6 /* Swift-Project-Demo */,
				38433F31276C8F49002041D6 /* Products */,
				0ECF9B5672490DF51E57FF41 /* Pods */,
				B62BD5661481BAADAB719F58 /* Frameworks */,
			);
			sourceTree = "<group>";
		};
		38433F31276C8F49002041D6 /* Products */ = {
			isa = PBXGroup;
			children = (
				38433F30276C8F49002041D6 /* Swift-Project-Demo.app */,
			);
			name = Products;
			sourceTree = "<group>";
		};
		38433F32276C8F49002041D6 /* Swift-Project-Demo */ = {
			isa = PBXGroup;
			children = (
				383529022770486F006B4887 /* R.generated.swift */,
				383526102770221D006B4887 /* Modules */,
				3835260C277020F8006B4887 /* Home */,
				386826CD276C9B2100F0DFF8 /* share_opt_star.svga */,
				383528FF27702F40006B4887 /* YY-Regular.ttf */,
				38433F33276C8F49002041D6 /* AppDelegate.swift */,
				38433F3C276C8F4C002041D6 /* Assets.xcassets */,
				38433F3E276C8F4C002041D6 /* LaunchScreen.storyboard */,
				38433F41276C8F4C002041D6 /* Info.plist */,
			);
			path = "Swift-Project-Demo";
			sourceTree = "<group>";
		};
		B62BD5661481BAADAB719F58 /* Frameworks */ = {
			isa = PBXGroup;
			children = (
				F0A5DD19C9811212E6AB1714 /* Pods_Swift_Project_Demo.framework */,
			);
			name = Frameworks;
			sourceTree = "<group>";
		};
/* End PBXGroup section */

/* Begin PBXNativeTarget section */
		38433F2F276C8F49002041D6 /* Swift-Project-Demo */ = {
			isa = PBXNativeTarget;
			buildConfigurationList = 38433F44276C8F4C002041D6 /* Build configuration list for PBXNativeTarget "Swift-Project-Demo" */;
			buildPhases = (
				09B2E7D3B9A056345EB2E7BB /* [CP] Check Pods Manifest.lock */,
				38433F47276C9046002041D6 /* ShellScript */,
				38433F2C276C8F49002041D6 /* Sources */,
				38433F2D276C8F49002041D6 /* Frameworks */,
				38433F2E276C8F49002041D6 /* Resources */,
				6B4528AA2D3748A1D0A45511 /* [CP] Embed Pods Frameworks */,
				383529012770333B006B4887 /* ShellScript */,
			);
			buildRules = (
			);
			dependencies = (
			);
			name = "Swift-Project-Demo";
			productName = "Swift-Project-Demo";
			productReference = 38433F30276C8F49002041D6 /* Swift-Project-Demo.app */;
			productType = "com.apple.product-type.application";
		};
/* End PBXNativeTarget section */

/* Begin PBXProject section */
		38433F28276C8F48002041D6 /* Project object */ = {
			isa = PBXProject;
			attributes = {
				BuildIndependentTargetsInParallel = 1;
				LastSwiftUpdateCheck = 1310;
				LastUpgradeCheck = 1310;
				TargetAttributes = {
					38433F2F276C8F49002041D6 = {
						CreatedOnToolsVersion = 13.1;
					};
				};
			};
			buildConfigurationList = 38433F2B276C8F48002041D6 /* Build configuration list for PBXProject "Swift-Project-Demo" */;
			compatibilityVersion = "Xcode 13.0";
			developmentRegion = en;
			hasScannedForEncodings = 0;
			knownRegions = (
				en,
				Base,
			);
			mainGroup = 38433F27276C8F48002041D6;
			productRefGroup = 38433F31276C8F49002041D6 /* Products */;
			projectDirPath = "";
			projectRoot = "";
			targets = (
				38433F2F276C8F49002041D6 /* Swift-Project-Demo */,
			);
		};
/* End PBXProject section */

/* Begin PBXResourcesBuildPhase section */
		38433F2E276C8F49002041D6 /* Resources */ = {
			isa = PBXResourcesBuildPhase;
			buildActionMask = 2147483647;
			files = (
				386826CE276C9B2100F0DFF8 /* share_opt_star.svga in Resources */,
				3835290027702F40006B4887 /* YY-Regular.ttf in Resources */,
				38433F40276C8F4C002041D6 /* LaunchScreen.storyboard in Resources */,
				38433F3D276C8F4C002041D6 /* Assets.xcassets in Resources */,
				38352609277020F1006B4887 /* HomeListItemCell.xib in Resources */,
			);
			runOnlyForDeploymentPostprocessing = 0;
		};
/* End PBXResourcesBuildPhase section */

/* Begin PBXShellScriptBuildPhase section */
		09B2E7D3B9A056345EB2E7BB /* [CP] Check Pods Manifest.lock */ = {
			isa = PBXShellScriptBuildPhase;
			buildActionMask = 2147483647;
			files = (
			);
			inputFileListPaths = (
			);
			inputPaths = (
				"${PODS_PODFILE_DIR_PATH}/Podfile.lock",
				"${PODS_ROOT}/Manifest.lock",
			);
			name = "[CP] Check Pods Manifest.lock";
			outputFileListPaths = (
			);
			outputPaths = (
				"$(DERIVED_FILE_DIR)/Pods-Swift-Project-Demo-checkManifestLockResult.txt",
			);
			runOnlyForDeploymentPostprocessing = 0;
			shellPath = /bin/sh;
			shellScript = "diff \"${PODS_PODFILE_DIR_PATH}/Podfile.lock\" \"${PODS_ROOT}/Manifest.lock\" > /dev/null\nif [ $? != 0 ] ; then\n    # print error to STDERR\n    echo \"error: The sandbox is not in sync with the Podfile.lock. Run 'pod install' or update your CocoaPods installation.\" >&2\n    exit 1\nfi\n# This output is used by Xcode 'outputs' to avoid re-running this script phase.\necho \"SUCCESS\" > \"${SCRIPT_OUTPUT_FILE_0}\"\n";
			showEnvVarsInLog = 0;
		};
		383529012770333B006B4887 /* ShellScript */ = {
			isa = PBXShellScriptBuildPhase;
			buildActionMask = 2147483647;
			files = (
			);
			inputFileListPaths = (
			);
			inputPaths = (
			);
			outputFileListPaths = (
			);
			outputPaths = (
			);
			runOnlyForDeploymentPostprocessing = 0;
			shellPath = /bin/sh;
			shellScript = "\"${PODS_ROOT}/SwiftLint/swiftlint\"\n";
		};
		38433F47276C9046002041D6 /* ShellScript */ = {
			isa = PBXShellScriptBuildPhase;
			alwaysOutOfDate = 1;
			buildActionMask = 2147483647;
			files = (
			);
			inputFileListPaths = (
			);
			inputPaths = (
				"$TEMP_DIR/rswift-lastrun",
			);
			outputFileListPaths = (
			);
			outputPaths = (
				$SRCROOT/R.generated.swift,
			);
			runOnlyForDeploymentPostprocessing = 0;
			shellPath = /bin/sh;
			shellScript = "\"$PODS_ROOT/R.swift/rswift\" generate \"$SRCROOT/R.generated.swift\"\n";
		};
		6B4528AA2D3748A1D0A45511 /* [CP] Embed Pods Frameworks */ = {
			isa = PBXShellScriptBuildPhase;
			buildActionMask = 2147483647;
			files = (
			);
			inputFileListPaths = (
				"${PODS_ROOT}/Target Support Files/Pods-Swift-Project-Demo/Pods-Swift-Project-Demo-frameworks-${CONFIGURATION}-input-files.xcfilelist",
			);
			name = "[CP] Embed Pods Frameworks";
			outputFileListPaths = (
				"${PODS_ROOT}/Target Support Files/Pods-Swift-Project-Demo/Pods-Swift-Project-Demo-frameworks-${CONFIGURATION}-output-files.xcfilelist",
			);
			runOnlyForDeploymentPostprocessing = 0;
			shellPath = /bin/sh;
			shellScript = "\"${PODS_ROOT}/Target Support Files/Pods-Swift-Project-Demo/Pods-Swift-Project-Demo-frameworks.sh\"\n";
			showEnvVarsInLog = 0;
		};
/* End PBXShellScriptBuildPhase section */

/* Begin PBXSourcesBuildPhase section */
		38433F2C276C8F49002041D6 /* Sources */ = {
			isa = PBXSourcesBuildPhase;
			buildActionMask = 2147483647;
			files = (
				38433F38276C8F49002041D6 /* ViewController.swift in Sources */,
				3835290527705BC0006B4887 /* HeroDemoViewController.swift in Sources */,
				383529032770486F006B4887 /* R.generated.swift in Sources */,
				38433F34276C8F49002041D6 /* AppDelegate.swift in Sources */,
				3835290827717055006B4887 /* JazzyDemo.swift in Sources */,
				3835260A277020F1006B4887 /* HomeListItemCell.swift in Sources */,
				3835261227702BCA006B4887 /* RSwiftDemoController.swift in Sources */,
				3835260B277020F1006B4887 /* HomeListAdapter.swift in Sources */,
			);
			runOnlyForDeploymentPostprocessing = 0;
		};
/* End PBXSourcesBuildPhase section */

/* Begin PBXVariantGroup section */
		38433F3E276C8F4C002041D6 /* LaunchScreen.storyboard */ = {
			isa = PBXVariantGroup;
			children = (
				38433F3F276C8F4C002041D6 /* Base */,
			);
			name = LaunchScreen.storyboard;
			sourceTree = "<group>";
		};
/* End PBXVariantGroup section */

/* Begin XCBuildConfiguration section */
		38433F42276C8F4C002041D6 /* Debug */ = {
			isa = XCBuildConfiguration;
			buildSettings = {
				ALWAYS_SEARCH_USER_PATHS = NO;
				CLANG_ANALYZER_NONNULL = YES;
				CLANG_ANALYZER_NUMBER_OBJECT_CONVERSION = YES_AGGRESSIVE;
				CLANG_CXX_LANGUAGE_STANDARD = "gnu++17";
				CLANG_CXX_LIBRARY = "libc++";
				CLANG_ENABLE_MODULES = YES;
				CLANG_ENABLE_OBJC_ARC = YES;
				CLANG_ENABLE_OBJC_WEAK = YES;
				CLANG_WARN_BLOCK_CAPTURE_AUTORELEASING = YES;
				CLANG_WARN_BOOL_CONVERSION = YES;
				CLANG_WARN_COMMA = YES;
				CLANG_WARN_CONSTANT_CONVERSION = YES;
				CLANG_WARN_DEPRECATED_OBJC_IMPLEMENTATIONS = YES;
				CLANG_WARN_DIRECT_OBJC_ISA_USAGE = YES_ERROR;
				CLANG_WARN_DOCUMENTATION_COMMENTS = YES;
				CLANG_WARN_EMPTY_BODY = YES;
				CLANG_WARN_ENUM_CONVERSION = YES;
				CLANG_WARN_INFINITE_RECURSION = YES;
				CLANG_WARN_INT_CONVERSION = YES;
				CLANG_WARN_NON_LITERAL_NULL_CONVERSION = YES;
				CLANG_WARN_OBJC_IMPLICIT_RETAIN_SELF = YES;
				CLANG_WARN_OBJC_LITERAL_CONVERSION = YES;
				CLANG_WARN_OBJC_ROOT_CLASS = YES_ERROR;
				CLANG_WARN_QUOTED_INCLUDE_IN_FRAMEWORK_HEADER = YES;
				CLANG_WARN_RANGE_LOOP_ANALYSIS = YES;
				CLANG_WARN_STRICT_PROTOTYPES = YES;
				CLANG_WARN_SUSPICIOUS_MOVE = YES;
				CLANG_WARN_UNGUARDED_AVAILABILITY = YES_AGGRESSIVE;
				CLANG_WARN_UNREACHABLE_CODE = YES;
				CLANG_WARN__DUPLICATE_METHOD_MATCH = YES;
				COPY_PHASE_STRIP = NO;
				DEBUG_INFORMATION_FORMAT = dwarf;
				ENABLE_STRICT_OBJC_MSGSEND = YES;
				ENABLE_TESTABILITY = YES;
				GCC_C_LANGUAGE_STANDARD = gnu11;
				GCC_DYNAMIC_NO_PIC = NO;
				GCC_NO_COMMON_BLOCKS = YES;
				GCC_OPTIMIZATION_LEVEL = 0;
				GCC_PREPROCESSOR_DEFINITIONS = (
					"DEBUG=1",
					"$(inherited)",
				);
				GCC_WARN_64_TO_32_BIT_CONVERSION = YES;
				GCC_WARN_ABOUT_RETURN_TYPE = YES_ERROR;
				GCC_WARN_UNDECLARED_SELECTOR = YES;
				GCC_WARN_UNINITIALIZED_AUTOS = YES_AGGRESSIVE;
				GCC_WARN_UNUSED_FUNCTION = YES;
				GCC_WARN_UNUSED_VARIABLE = YES;
				IPHONEOS_DEPLOYMENT_TARGET = 15.0;
				MTL_ENABLE_DEBUG_INFO = INCLUDE_SOURCE;
				MTL_FAST_MATH = YES;
				ONLY_ACTIVE_ARCH = YES;
				SDKROOT = iphoneos;
				SWIFT_ACTIVE_COMPILATION_CONDITIONS = DEBUG;
				SWIFT_OPTIMIZATION_LEVEL = "-Onone";
			};
			name = Debug;
		};
		38433F43276C8F4C002041D6 /* Release */ = {
			isa = XCBuildConfiguration;
			buildSettings = {
				ALWAYS_SEARCH_USER_PATHS = NO;
				CLANG_ANALYZER_NONNULL = YES;
				CLANG_ANALYZER_NUMBER_OBJECT_CONVERSION = YES_AGGRESSIVE;
				CLANG_CXX_LANGUAGE_STANDARD = "gnu++17";
				CLANG_CXX_LIBRARY = "libc++";
				CLANG_ENABLE_MODULES = YES;
				CLANG_ENABLE_OBJC_ARC = YES;
				CLANG_ENABLE_OBJC_WEAK = YES;
				CLANG_WARN_BLOCK_CAPTURE_AUTORELEASING = YES;
				CLANG_WARN_BOOL_CONVERSION = YES;
				CLANG_WARN_COMMA = YES;
				CLANG_WARN_CONSTANT_CONVERSION = YES;
				CLANG_WARN_DEPRECATED_OBJC_IMPLEMENTATIONS = YES;
				CLANG_WARN_DIRECT_OBJC_ISA_USAGE = YES_ERROR;
				CLANG_WARN_DOCUMENTATION_COMMENTS = YES;
				CLANG_WARN_EMPTY_BODY = YES;
				CLANG_WARN_ENUM_CONVERSION = YES;
				CLANG_WARN_INFINITE_RECURSION = YES;
				CLANG_WARN_INT_CONVERSION = YES;
				CLANG_WARN_NON_LITERAL_NULL_CONVERSION = YES;
				CLANG_WARN_OBJC_IMPLICIT_RETAIN_SELF = YES;
				CLANG_WARN_OBJC_LITERAL_CONVERSION = YES;
				CLANG_WARN_OBJC_ROOT_CLASS = YES_ERROR;
				CLANG_WARN_QUOTED_INCLUDE_IN_FRAMEWORK_HEADER = YES;
				CLANG_WARN_RANGE_LOOP_ANALYSIS = YES;
				CLANG_WARN_STRICT_PROTOTYPES = YES;
				CLANG_WARN_SUSPICIOUS_MOVE = YES;
				CLANG_WARN_UNGUARDED_AVAILABILITY = YES_AGGRESSIVE;
				CLANG_WARN_UNREACHABLE_CODE = YES;
				CLANG_WARN__DUPLICATE_METHOD_MATCH = YES;
				COPY_PHASE_STRIP = NO;
				DEBUG_INFORMATION_FORMAT = "dwarf-with-dsym";
				ENABLE_NS_ASSERTIONS = NO;
				ENABLE_STRICT_OBJC_MSGSEND = YES;
				GCC_C_LANGUAGE_STANDARD = gnu11;
				GCC_NO_COMMON_BLOCKS = YES;
				GCC_WARN_64_TO_32_BIT_CONVERSION = YES;
				GCC_WARN_ABOUT_RETURN_TYPE = YES_ERROR;
				GCC_WARN_UNDECLARED_SELECTOR = YES;
				GCC_WARN_UNINITIALIZED_AUTOS = YES_AGGRESSIVE;
				GCC_WARN_UNUSED_FUNCTION = YES;
				GCC_WARN_UNUSED_VARIABLE = YES;
				IPHONEOS_DEPLOYMENT_TARGET = 15.0;
				MTL_ENABLE_DEBUG_INFO = NO;
				MTL_FAST_MATH = YES;
				SDKROOT = iphoneos;
				SWIFT_COMPILATION_MODE = wholemodule;
				SWIFT_OPTIMIZATION_LEVEL = "-O";
				VALIDATE_PRODUCT = YES;
			};
			name = Release;
		};
		38433F45276C8F4C002041D6 /* Debug */ = {
			isa = XCBuildConfiguration;
			baseConfigurationReference = 4A61C6BF63590EAF817718C9 /* Pods-Swift-Project-Demo.debug.xcconfig */;
			buildSettings = {
				ASSETCATALOG_COMPILER_APPICON_NAME = AppIcon;
				ASSETCATALOG_COMPILER_GLOBAL_ACCENT_COLOR_NAME = AccentColor;
				CODE_SIGN_STYLE = Automatic;
				CURRENT_PROJECT_VERSION = 1;
				DEVELOPMENT_TEAM = 8U8QLWDB7H;
				GENERATE_INFOPLIST_FILE = YES;
				INFOPLIST_FILE = "Swift-Project-Demo/Info.plist";
				INFOPLIST_KEY_UIApplicationSupportsIndirectInputEvents = YES;
				INFOPLIST_KEY_UILaunchStoryboardName = LaunchScreen;
				INFOPLIST_KEY_UISupportedInterfaceOrientations = UIInterfaceOrientationPortrait;
				INFOPLIST_KEY_UISupportedInterfaceOrientations_iPad = "UIInterfaceOrientationPortrait UIInterfaceOrientationPortraitUpsideDown UIInterfaceOrientationLandscapeLeft UIInterfaceOrientationLandscapeRight";
				INFOPLIST_KEY_UISupportedInterfaceOrientations_iPhone = "UIInterfaceOrientationPortrait UIInterfaceOrientationLandscapeLeft UIInterfaceOrientationLandscapeRight";
				IPHONEOS_DEPLOYMENT_TARGET = 14.0;
				LD_RUNPATH_SEARCH_PATHS = (
					"$(inherited)",
					"@executable_path/Frameworks",
				);
				MARKETING_VERSION = 1.0;
				PRODUCT_BUNDLE_IDENTIFIER = "Kino.Swift-Project-Demo";
				PRODUCT_NAME = "$(TARGET_NAME)";
				SWIFT_EMIT_LOC_STRINGS = YES;
				SWIFT_VERSION = 5.0;
				TARGETED_DEVICE_FAMILY = "1,2";
			};
			name = Debug;
		};
		38433F46276C8F4C002041D6 /* Release */ = {
			isa = XCBuildConfiguration;
			baseConfigurationReference = 2D37D569F295FB89E3CC6F3C /* Pods-Swift-Project-Demo.release.xcconfig */;
			buildSettings = {
				ASSETCATALOG_COMPILER_APPICON_NAME = AppIcon;
				ASSETCATALOG_COMPILER_GLOBAL_ACCENT_COLOR_NAME = AccentColor;
				CODE_SIGN_STYLE = Automatic;
				CURRENT_PROJECT_VERSION = 1;
				DEVELOPMENT_TEAM = 8U8QLWDB7H;
				GENERATE_INFOPLIST_FILE = YES;
				INFOPLIST_FILE = "Swift-Project-Demo/Info.plist";
				INFOPLIST_KEY_UIApplicationSupportsIndirectInputEvents = YES;
				INFOPLIST_KEY_UILaunchStoryboardName = LaunchScreen;
				INFOPLIST_KEY_UISupportedInterfaceOrientations = UIInterfaceOrientationPortrait;
				INFOPLIST_KEY_UISupportedInterfaceOrientations_iPad = "UIInterfaceOrientationPortrait UIInterfaceOrientationPortraitUpsideDown UIInterfaceOrientationLandscapeLeft UIInterfaceOrientationLandscapeRight";
				INFOPLIST_KEY_UISupportedInterfaceOrientations_iPhone = "UIInterfaceOrientationPortrait UIInterfaceOrientationLandscapeLeft UIInterfaceOrientationLandscapeRight";
				IPHONEOS_DEPLOYMENT_TARGET = 14.0;
				LD_RUNPATH_SEARCH_PATHS = (
					"$(inherited)",
					"@executable_path/Frameworks",
				);
				MARKETING_VERSION = 1.0;
				PRODUCT_BUNDLE_IDENTIFIER = "Kino.Swift-Project-Demo";
				PRODUCT_NAME = "$(TARGET_NAME)";
				SWIFT_EMIT_LOC_STRINGS = YES;
				SWIFT_VERSION = 5.0;
				TARGETED_DEVICE_FAMILY = "1,2";
			};
			name = Release;
		};
/* End XCBuildConfiguration section */

/* Begin XCConfigurationList section */
		38433F2B276C8F48002041D6 /* Build configuration list for PBXProject "Swift-Project-Demo" */ = {
			isa = XCConfigurationList;
			buildConfigurations = (
				38433F42276C8F4C002041D6 /* Debug */,
				38433F43276C8F4C002041D6 /* Release */,
			);
			defaultConfigurationIsVisible = 0;
			defaultConfigurationName = Release;
		};
		38433F44276C8F4C002041D6 /* Build configuration list for PBXNativeTarget "Swift-Project-Demo" */ = {
			isa = XCConfigurationList;
			buildConfigurations = (
				38433F45276C8F4C002041D6 /* Debug */,
				38433F46276C8F4C002041D6 /* Release */,
			);
			defaultConfigurationIsVisible = 0;
			defaultConfigurationName = Release;
		};
/* End XCConfigurationList section */
	};
	rootObject = 38433F28276C8F48002041D6 /* Project object */;
}
